
Microsoft Visual Studio Solution File, Format Version 12.00
# Visual Studio Version 17
VisualStudioVersion = 17.4.33103.184
MinimumVisualStudioVersion = 10.0.40219.1
Project("{FAE04EC0-301F-11D3-BF4B-00C04F79EFBC}") = "EGestor.Api", "EGestor.Api\EGestor.Api.csproj", "{C005BCB5-160F-48FB-8557-61D199C87AE5}"
EndProject
Project("{FAE04EC0-301F-11D3-BF4B-00C04F79EFBC}") = "EGestor.Domain", "EGestor.Domain\EGestor.Domain.csproj", "{F8312C25-95D0-4F66-A9D7-EC4211E63D2F}"
EndProject
Project("{FAE04EC0-301F-11D3-BF4B-00C04F79EFBC}") = "EGestor.Shared", "EGestor.Shared\EGestor.Shared.csproj", "{9204B2F4-4280-4E51-BD81-B6AB66F12271}"
EndProject
Project("{FAE04EC0-301F-11D3-BF4B-00C04F79EFBC}") = "EGestor.Infra", "EGestor.Infora\EGestor.Infra.csproj", "{0A768307-FC4C-4A52-AC1F-B5ACA86563BB}"
EndProject
Project("{FAE04EC0-301F-11D3-BF4B-00C04F79EFBC}") = "EGestor.Domain.Core", "EGestor.Domain.Core\EGestor.Domain.Core.csproj", "{7E20DF34-9435-4A4B-B56C-6FFFE371EE2A}"
EndProject
Global
	GlobalSection(SolutionConfigurationPlatforms) = preSolution
		Debug|Any CPU = Debug|Any CPU
		Release|Any CPU = Release|Any CPU
	EndGlobalSection
	GlobalSection(ProjectConfigurationPlatforms) = postSolution
		{C005BCB5-160F-48FB-8557-61D199C87AE5}.Debug|Any CPU.ActiveCfg = Debug|Any CPU
		{C005BCB5-160F-48FB-8557-61D199C87AE5}.Debug|Any CPU.Build.0 = Debug|Any CPU
		{C005BCB5-160F-48FB-8557-61D199C87AE5}.Release|Any CPU.ActiveCfg = Release|Any CPU
		{C005BCB5-160F-48FB-8557-61D199C87AE5}.Release|Any CPU.Build.0 = Release|Any CPU
		{F8312C25-95D0-4F66-A9D7-EC4211E63D2F}.Debug|Any CPU.ActiveCfg = Debug|Any CPU
		{F8312C25-95D0-4F66-A9D7-EC4211E63D2F}.Debug|Any CPU.Build.0 = Debug|Any CPU
		{F8312C25-95D0-4F66-A9D7-EC4211E63D2F}.Release|Any CPU.ActiveCfg = Release|Any CPU
		{F8312C25-95D0-4F66-A9D7-EC4211E63D2F}.Release|Any CPU.Build.0 = Release|Any CPU
		{9204B2F4-4280-4E51-BD81-B6AB66F12271}.Debug|Any CPU.ActiveCfg = Debug|Any CPU
		{9204B2F4-4280-4E51-BD81-B6AB66F12271}.Debug|Any CPU.Build.0 = Debug|Any CPU
		{9204B2F4-4280-4E51-BD81-B6AB66F12271}.Release|Any CPU.ActiveCfg = Release|Any CPU
		{9204B2F4-4280-4E51-BD81-B6AB66F12271}.Release|Any CPU.Build.0 = Release|Any CPU
		{0A768307-FC4C-4A52-AC1F-B5ACA86563BB}.Debug|Any CPU.ActiveCfg = Debug|Any CPU
		{0A768307-FC4C-4A52-AC1F-B5ACA86563BB}.Debug|Any CPU.Build.0 = Debug|Any CPU
		{0A768307-FC4C-4A52-AC1F-B5ACA86563BB}.Release|Any CPU.ActiveCfg = Release|Any CPU
		{0A768307-FC4C-4A52-AC1F-B5ACA86563BB}.Release|Any CPU.Build.0 = Release|Any CPU
		{7E20DF34-9435-4A4B-B56C-6FFFE371EE2A}.Debug|Any CPU.ActiveCfg = Debug|Any CPU
		{7E20DF34-9435-4A4B-B56C-6FFFE371EE2A}.Debug|Any CPU.Build.0 = Debug|Any CPU
		{7E20DF34-9435-4A4B-B56C-6FFFE371EE2A}.Release|Any CPU.ActiveCfg = Release|Any CPU
		{7E20DF34-9435-4A4B-B56C-6FFFE371EE2A}.Release|Any CPU.Build.0 = Release|Any CPU
	EndGlobalSection
	GlobalSection(SolutionProperties) = preSolution
		HideSolutionNode = FALSE
	EndGlobalSection
	GlobalSection(ExtensibilityGlobals) = postSolution
		SolutionGuid = {6C95714A-253C-470F-9E36-6F303FE7350F}
	EndGlobalSection
EndGlobal
